
Microsoft Visual Studio Solution File, Format Version 12.00
# Visual Studio 15
VisualStudioVersion = 15.0.27428.2043
MinimumVisualStudioVersion = 10.0.40219.1
Project("{FAE04EC0-301F-11D3-BF4B-00C04F79EFBC}") = "ThreeDB", "ThreeDB\ThreeDB.csproj", "{995456D6-9FCE-4BA6-853D-2146D73AB4C1}"
EndProject
Global
	GlobalSection(SolutionConfigurationPlatforms) = preSolution
		Debug|Any CPU = Debug|Any CPU
		Release|Any CPU = Release|Any CPU
	EndGlobalSection
	GlobalSection(ProjectConfigurationPlatforms) = postSolution
		{995456D6-9FCE-4BA6-853D-2146D73AB4C1}.Debug|Any CPU.ActiveCfg = Debug|Any CPU
		{995456D6-9FCE-4BA6-853D-2146D73AB4C1}.Debug|Any CPU.Build.0 = Debug|Any CPU
		{995456D6-9FCE-4BA6-853D-2146D73AB4C1}.Release|Any CPU.ActiveCfg = Release|Any CPU
		{995456D6-9FCE-4BA6-853D-2146D73AB4C1}.Release|Any CPU.Build.0 = Release|Any CPU
	EndGlobalSection
	GlobalSection(SolutionProperties) = preSolution
		HideSolutionNode = FALSE
	EndGlobalSection
	GlobalSection(ExtensibilityGlobals) = postSolution
		SolutionGuid = {55CB282D-F465-4B06-8CC4-B9E34E07DF5E}
	EndGlobalSection
EndGlobal
